
Microsoft Visual Studio Solution File, Format Version 12.00
# Visual Studio Version 17
VisualStudioVersion = 17.4.33213.308
MinimumVisualStudioVersion = 10.0.40219.1
Project("{FAE04EC0-301F-11D3-BF4B-00C04F79EFBC}") = "tagok", "tagok\tagok.csproj", "{91876C86-24DC-4FE2-A183-A5C2D2EFC588}"
EndProject
Global
	GlobalSection(SolutionConfigurationPlatforms) = preSolution
		Debug|Any CPU = Debug|Any CPU
		Release|Any CPU = Release|Any CPU
	EndGlobalSection
	GlobalSection(ProjectConfigurationPlatforms) = postSolution
		{91876C86-24DC-4FE2-A183-A5C2D2EFC588}.Debug|Any CPU.ActiveCfg = Debug|Any CPU
		{91876C86-24DC-4FE2-A183-A5C2D2EFC588}.Debug|Any CPU.Build.0 = Debug|Any CPU
		{91876C86-24DC-4FE2-A183-A5C2D2EFC588}.Release|Any CPU.ActiveCfg = Release|Any CPU
		{91876C86-24DC-4FE2-A183-A5C2D2EFC588}.Release|Any CPU.Build.0 = Release|Any CPU
	EndGlobalSection
	GlobalSection(SolutionProperties) = preSolution
		HideSolutionNode = FALSE
	EndGlobalSection
	GlobalSection(ExtensibilityGlobals) = postSolution
		SolutionGuid = {46798110-0BBC-490B-AE7C-57D03D6EA138}
	EndGlobalSection
EndGlobal
